
Microsoft Visual Studio Solution File, Format Version 12.00
# Visual Studio 15
VisualStudioVersion = 15.0.26403.3
MinimumVisualStudioVersion = 10.0.40219.1
Project("{FAE04EC0-301F-11D3-BF4B-00C04F79EFBC}") = "Coldsteel.WindowsDX", "src\Coldsteel.WindowsDX\Coldsteel.WindowsDX.csproj", "{29494738-38F7-4531-B05D-FEB8B5B219C3}"
EndProject
Project("{D954291E-2A0B-460D-934E-DC6B0785DB48}") = "Coldsteel", "src\Coldsteel\Coldsteel.shproj", "{DABB2852-9CF7-4BFE-B516-6C97DDEE5DF5}"
EndProject
Global
	GlobalSection(SharedMSBuildProjectFiles) = preSolution
		src\Coldsteel\Coldsteel.projitems*{29494738-38f7-4531-b05d-feb8b5b219c3}*SharedItemsImports = 4
		src\Coldsteel\Coldsteel.projitems*{dabb2852-9cf7-4bfe-b516-6c97ddee5df5}*SharedItemsImports = 13
	EndGlobalSection
	GlobalSection(SolutionConfigurationPlatforms) = preSolution
		Debug|Any CPU = Debug|Any CPU
		Release|Any CPU = Release|Any CPU
	EndGlobalSection
	GlobalSection(ProjectConfigurationPlatforms) = postSolution
		{29494738-38F7-4531-B05D-FEB8B5B219C3}.Debug|Any CPU.ActiveCfg = Debug|Any CPU
		{29494738-38F7-4531-B05D-FEB8B5B219C3}.Debug|Any CPU.Build.0 = Debug|Any CPU
		{29494738-38F7-4531-B05D-FEB8B5B219C3}.Release|Any CPU.ActiveCfg = Release|Any CPU
		{29494738-38F7-4531-B05D-FEB8B5B219C3}.Release|Any CPU.Build.0 = Release|Any CPU
	EndGlobalSection
	GlobalSection(SolutionProperties) = preSolution
		HideSolutionNode = FALSE
	EndGlobalSection
EndGlobal
