
Microsoft Visual Studio Solution File, Format Version 12.00
# Visual Studio 14
VisualStudioVersion = 14.0.24720.0
MinimumVisualStudioVersion = 10.0.40219.1
Project("{D954291E-2A0B-460D-934E-DC6B0785DB48}") = "Coldsteel", "Coldsteel\Coldsteel.shproj", "{EA8CA643-FB39-4B22-94C2-A5D120A87A25}"
EndProject
Project("{FAE04EC0-301F-11D3-BF4B-00C04F79EFBC}") = "Coldsteel.WindowsDX", "Coldsteel.WindowsDX\Coldsteel.WindowsDX.csproj", "{A3224CBB-4CF3-499D-8493-C103653F5BBB}"
EndProject
Project("{FAE04EC0-301F-11D3-BF4B-00C04F79EFBC}") = "Coldsteel.DesktopGL", "Coldsteel.DesktopGL\Coldsteel.DesktopGL.csproj", "{F8EAF61B-238A-4D6B-AC07-DF048E61BED9}"
EndProject
Project("{FAE04EC0-301F-11D3-BF4B-00C04F79EFBC}") = "Coldsteel.Tests", "Coldsteel.Tests\Coldsteel.Tests.csproj", "{5E6C4E28-36BA-4554-8938-16B9D940B1D3}"
EndProject
Project("{FAE04EC0-301F-11D3-BF4B-00C04F79EFBC}") = "Coldsteel.WindowsUniversal", "Coldsteel.WindowsUniversal\Coldsteel.WindowsUniversal.csproj", "{6963AF68-94FB-45D7-BEAE-B92B4081CFF9}"
EndProject
Global
	GlobalSection(SharedMSBuildProjectFiles) = preSolution
		Coldsteel\Coldsteel.projitems*{ea8ca643-fb39-4b22-94c2-a5d120a87a25}*SharedItemsImports = 13
		Coldsteel\Coldsteel.projitems*{f8eaf61b-238a-4d6b-ac07-df048e61bed9}*SharedItemsImports = 4
		Coldsteel\Coldsteel.projitems*{a3224cbb-4cf3-499d-8493-c103653f5bbb}*SharedItemsImports = 4
		Coldsteel\Coldsteel.projitems*{6963af68-94fb-45d7-beae-b92b4081cff9}*SharedItemsImports = 4
	EndGlobalSection
	GlobalSection(SolutionConfigurationPlatforms) = preSolution
		Debug|Any CPU = Debug|Any CPU
		Debug|ARM = Debug|ARM
		Debug|x64 = Debug|x64
		Debug|x86 = Debug|x86
		Release|Any CPU = Release|Any CPU
		Release|ARM = Release|ARM
		Release|x64 = Release|x64
		Release|x86 = Release|x86
	EndGlobalSection
	GlobalSection(ProjectConfigurationPlatforms) = postSolution
		{A3224CBB-4CF3-499D-8493-C103653F5BBB}.Debug|Any CPU.ActiveCfg = Debug|Any CPU
		{A3224CBB-4CF3-499D-8493-C103653F5BBB}.Debug|Any CPU.Build.0 = Debug|Any CPU
		{A3224CBB-4CF3-499D-8493-C103653F5BBB}.Debug|ARM.ActiveCfg = Debug|Any CPU
		{A3224CBB-4CF3-499D-8493-C103653F5BBB}.Debug|ARM.Build.0 = Debug|Any CPU
		{A3224CBB-4CF3-499D-8493-C103653F5BBB}.Debug|x64.ActiveCfg = Debug|Any CPU
		{A3224CBB-4CF3-499D-8493-C103653F5BBB}.Debug|x64.Build.0 = Debug|Any CPU
		{A3224CBB-4CF3-499D-8493-C103653F5BBB}.Debug|x86.ActiveCfg = Debug|Any CPU
		{A3224CBB-4CF3-499D-8493-C103653F5BBB}.Debug|x86.Build.0 = Debug|Any CPU
		{A3224CBB-4CF3-499D-8493-C103653F5BBB}.Release|Any CPU.ActiveCfg = Release|Any CPU
		{A3224CBB-4CF3-499D-8493-C103653F5BBB}.Release|Any CPU.Build.0 = Release|Any CPU
		{A3224CBB-4CF3-499D-8493-C103653F5BBB}.Release|ARM.ActiveCfg = Release|Any CPU
		{A3224CBB-4CF3-499D-8493-C103653F5BBB}.Release|ARM.Build.0 = Release|Any CPU
		{A3224CBB-4CF3-499D-8493-C103653F5BBB}.Release|x64.ActiveCfg = Release|Any CPU
		{A3224CBB-4CF3-499D-8493-C103653F5BBB}.Release|x64.Build.0 = Release|Any CPU
		{A3224CBB-4CF3-499D-8493-C103653F5BBB}.Release|x86.ActiveCfg = Release|Any CPU
		{A3224CBB-4CF3-499D-8493-C103653F5BBB}.Release|x86.Build.0 = Release|Any CPU
		{F8EAF61B-238A-4D6B-AC07-DF048E61BED9}.Debug|Any CPU.ActiveCfg = Debug|Any CPU
		{F8EAF61B-238A-4D6B-AC07-DF048E61BED9}.Debug|Any CPU.Build.0 = Debug|Any CPU
		{F8EAF61B-238A-4D6B-AC07-DF048E61BED9}.Debug|ARM.ActiveCfg = Debug|Any CPU
		{F8EAF61B-238A-4D6B-AC07-DF048E61BED9}.Debug|ARM.Build.0 = Debug|Any CPU
		{F8EAF61B-238A-4D6B-AC07-DF048E61BED9}.Debug|x64.ActiveCfg = Debug|Any CPU
		{F8EAF61B-238A-4D6B-AC07-DF048E61BED9}.Debug|x64.Build.0 = Debug|Any CPU
		{F8EAF61B-238A-4D6B-AC07-DF048E61BED9}.Debug|x86.ActiveCfg = Debug|Any CPU
		{F8EAF61B-238A-4D6B-AC07-DF048E61BED9}.Debug|x86.Build.0 = Debug|Any CPU
		{F8EAF61B-238A-4D6B-AC07-DF048E61BED9}.Release|Any CPU.ActiveCfg = Release|Any CPU
		{F8EAF61B-238A-4D6B-AC07-DF048E61BED9}.Release|Any CPU.Build.0 = Release|Any CPU
		{F8EAF61B-238A-4D6B-AC07-DF048E61BED9}.Release|ARM.ActiveCfg = Release|Any CPU
		{F8EAF61B-238A-4D6B-AC07-DF048E61BED9}.Release|ARM.Build.0 = Release|Any CPU
		{F8EAF61B-238A-4D6B-AC07-DF048E61BED9}.Release|x64.ActiveCfg = Release|Any CPU
		{F8EAF61B-238A-4D6B-AC07-DF048E61BED9}.Release|x64.Build.0 = Release|Any CPU
		{F8EAF61B-238A-4D6B-AC07-DF048E61BED9}.Release|x86.ActiveCfg = Release|Any CPU
		{F8EAF61B-238A-4D6B-AC07-DF048E61BED9}.Release|x86.Build.0 = Release|Any CPU
		{5E6C4E28-36BA-4554-8938-16B9D940B1D3}.Debug|Any CPU.ActiveCfg = Debug|Any CPU
		{5E6C4E28-36BA-4554-8938-16B9D940B1D3}.Debug|Any CPU.Build.0 = Debug|Any CPU
		{5E6C4E28-36BA-4554-8938-16B9D940B1D3}.Debug|ARM.ActiveCfg = Debug|Any CPU
		{5E6C4E28-36BA-4554-8938-16B9D940B1D3}.Debug|ARM.Build.0 = Debug|Any CPU
		{5E6C4E28-36BA-4554-8938-16B9D940B1D3}.Debug|x64.ActiveCfg = Debug|Any CPU
		{5E6C4E28-36BA-4554-8938-16B9D940B1D3}.Debug|x64.Build.0 = Debug|Any CPU
		{5E6C4E28-36BA-4554-8938-16B9D940B1D3}.Debug|x86.ActiveCfg = Debug|Any CPU
		{5E6C4E28-36BA-4554-8938-16B9D940B1D3}.Debug|x86.Build.0 = Debug|Any CPU
		{5E6C4E28-36BA-4554-8938-16B9D940B1D3}.Release|Any CPU.ActiveCfg = Release|Any CPU
		{5E6C4E28-36BA-4554-8938-16B9D940B1D3}.Release|Any CPU.Build.0 = Release|Any CPU
		{5E6C4E28-36BA-4554-8938-16B9D940B1D3}.Release|ARM.ActiveCfg = Release|Any CPU
		{5E6C4E28-36BA-4554-8938-16B9D940B1D3}.Release|ARM.Build.0 = Release|Any CPU
		{5E6C4E28-36BA-4554-8938-16B9D940B1D3}.Release|x64.ActiveCfg = Release|Any CPU
		{5E6C4E28-36BA-4554-8938-16B9D940B1D3}.Release|x64.Build.0 = Release|Any CPU
		{5E6C4E28-36BA-4554-8938-16B9D940B1D3}.Release|x86.ActiveCfg = Release|Any CPU
		{5E6C4E28-36BA-4554-8938-16B9D940B1D3}.Release|x86.Build.0 = Release|Any CPU
		{6963AF68-94FB-45D7-BEAE-B92B4081CFF9}.Debug|Any CPU.ActiveCfg = Debug|Any CPU
		{6963AF68-94FB-45D7-BEAE-B92B4081CFF9}.Debug|Any CPU.Build.0 = Debug|Any CPU
		{6963AF68-94FB-45D7-BEAE-B92B4081CFF9}.Debug|ARM.ActiveCfg = Debug|ARM
		{6963AF68-94FB-45D7-BEAE-B92B4081CFF9}.Debug|ARM.Build.0 = Debug|ARM
		{6963AF68-94FB-45D7-BEAE-B92B4081CFF9}.Debug|x64.ActiveCfg = Debug|x64
		{6963AF68-94FB-45D7-BEAE-B92B4081CFF9}.Debug|x64.Build.0 = Debug|x64
		{6963AF68-94FB-45D7-BEAE-B92B4081CFF9}.Debug|x86.ActiveCfg = Debug|x86
		{6963AF68-94FB-45D7-BEAE-B92B4081CFF9}.Debug|x86.Build.0 = Debug|x86
		{6963AF68-94FB-45D7-BEAE-B92B4081CFF9}.Release|Any CPU.ActiveCfg = Release|Any CPU
		{6963AF68-94FB-45D7-BEAE-B92B4081CFF9}.Release|Any CPU.Build.0 = Release|Any CPU
		{6963AF68-94FB-45D7-BEAE-B92B4081CFF9}.Release|ARM.ActiveCfg = Release|ARM
		{6963AF68-94FB-45D7-BEAE-B92B4081CFF9}.Release|ARM.Build.0 = Release|ARM
		{6963AF68-94FB-45D7-BEAE-B92B4081CFF9}.Release|x64.ActiveCfg = Release|x64
		{6963AF68-94FB-45D7-BEAE-B92B4081CFF9}.Release|x64.Build.0 = Release|x64
		{6963AF68-94FB-45D7-BEAE-B92B4081CFF9}.Release|x86.ActiveCfg = Release|x86
		{6963AF68-94FB-45D7-BEAE-B92B4081CFF9}.Release|x86.Build.0 = Release|x86
	EndGlobalSection
	GlobalSection(SolutionProperties) = preSolution
		HideSolutionNode = FALSE
	EndGlobalSection
EndGlobal
